
Microsoft Visual Studio Solution File, Format Version 12.00
# Visual Studio Version 16
VisualStudioVersion = 16.0.30907.101
MinimumVisualStudioVersion = 10.0.40219.1
Project("{FAE04EC0-301F-11D3-BF4B-00C04F79EFBC}") = "DogeNotifier", "DogeNotifier\DogeNotifier.csproj", "{614A7060-9D0A-4287-B34B-549CD2174144}"
EndProject
Global
	GlobalSection(SolutionConfigurationPlatforms) = preSolution
		Debug|Any CPU = Debug|Any CPU
		Release|Any CPU = Release|Any CPU
	EndGlobalSection
	GlobalSection(ProjectConfigurationPlatforms) = postSolution
		{614A7060-9D0A-4287-B34B-549CD2174144}.Debug|Any CPU.ActiveCfg = Debug|Any CPU
		{614A7060-9D0A-4287-B34B-549CD2174144}.Debug|Any CPU.Build.0 = Debug|Any CPU
		{614A7060-9D0A-4287-B34B-549CD2174144}.Release|Any CPU.ActiveCfg = Release|Any CPU
		{614A7060-9D0A-4287-B34B-549CD2174144}.Release|Any CPU.Build.0 = Release|Any CPU
	EndGlobalSection
	GlobalSection(SolutionProperties) = preSolution
		HideSolutionNode = FALSE
	EndGlobalSection
	GlobalSection(ExtensibilityGlobals) = postSolution
		SolutionGuid = {CF12126F-0138-43B3-BE35-7D133754B027}
	EndGlobalSection
EndGlobal
